<?xml version="1.0" encoding="utf-8"?>
<Project ToolsVersion="4.0" xmlns="http://schemas.microsoft.com/developer/msbuild/2003">
  <ItemGroup>
    <Filter Include="源文件">
      <UniqueIdentifier>{4FC737F1-C7A5-4376-A066-2A32D752A2FF}</UniqueIdentifier>
      <Extensions>cpp;c;cxx;def;odl;idl;hpj;bat;asm;asmx</Extensions>
    </Filter>
    <Filter Include="资源文件">
      <UniqueIdentifier>{67DA6AB6-F800-4c08-8B7A-83BB121AAD01}</UniqueIdentifier>
      <Extensions>rc;ico;cur;bmp;dlg;rc2;rct;bin;rgs;gif;jpg;jpeg;jpe;resx</Extensions>
    </Filter>
    <Filter Include="头文件">
      <UniqueIdentifier>{93995380-89BD-4b04-88EB-625FBE52EBFB}</UniqueIdentifier>
      <Extensions>h;hpp;hxx;hm;inl;inc;xsd</Extensions>
    </Filter>
  </ItemGroup>
  <ItemGroup>
    <ClCompile Include="AudioCodec.cpp">
      <Filter>源文件</Filter>
    </ClCompile>
    <ClCompile Include="AudioFilter_AAC.cpp">
      <Filter>源文件</Filter>
    </ClCompile>
    <ClCompile Include="AudioFilter_Celt.cpp">
      <Filter>源文件</Filter>
    </ClCompile>
    <ClCompile Include="AudioFilter_Lame.cpp">
      <Filter>源文件</Filter>
    </ClCompile>
    <ClCompile Include="AudioFilter_Opus.cpp">
      <Filter>源文件</Filter>
    </ClCompile>
    <ClCompile Include="AudioFilter_Speex.cpp">
      <Filter>源文件</Filter>
    </ClCompile>
    <ClCompile Include="AudioInput.cpp">
      <Filter>源文件</Filter>
    </ClCompile>
    <ClCompile Include="AudioOutput.cpp">
      <Filter>源文件</Filter>
    </ClCompile>
    <ClCompile Include="AudioResampler.cpp">
      <Filter>源文件</Filter>
    </ClCompile>
    <ClCompile Include="AudioResamplerFactor.cpp">
      <Filter>源文件</Filter>
    </ClCompile>
    <ClCompile Include="dllmain.cpp">
      <Filter>源文件</Filter>
    </ClCompile>
    <ClCompile Include="dsutil.cpp">
      <Filter>源文件</Filter>
    </ClCompile>
    <ClCompile Include="Mixer.cpp">
      <Filter>源文件</Filter>
    </ClCompile>
  </ItemGroup>
  <ItemGroup>
    <ClInclude Include="AudioFilter_AAC.h">
      <Filter>源文件</Filter>
    </ClInclude>
    <ClInclude Include="AudioFilter_Celt.h">
      <Filter>头文件</Filter>
    </ClInclude>
    <ClInclude Include="AudioFilter_Lame.h">
      <Filter>头文件</Filter>
    </ClInclude>
    <ClInclude Include="AudioFilter_Opus.h">
      <Filter>头文件</Filter>
    </ClInclude>
    <ClInclude Include="AudioFilter_Speex.h">
      <Filter>头文件</Filter>
    </ClInclude>
    <ClInclude Include="AudioResampler.h">
      <Filter>头文件</Filter>
    </ClInclude>
    <ClInclude Include="AudioResamplerFactor.h">
      <Filter>头文件</Filter>
    </ClInclude>
    <ClInclude Include="Mixer.h">
      <Filter>头文件</Filter>
    </ClInclude>
  </ItemGroup>
  <ItemGroup>
    <Text Include="ReadMe.txt" />
  </ItemGroup>
</Project>